
Microsoft Visual Studio Solution File, Format Version 12.00
# Visual Studio Version 16
VisualStudioVersion = 16.0.30114.105
MinimumVisualStudioVersion = 10.0.40219.1
Project("{FAE04EC0-301F-11D3-BF4B-00C04F79EFBC}") = "PaymentAPI", "api\PaymentAPI.csproj", "{AC2BE2DD-C042-4838-9257-F73A4D9CC023}"
EndProject
Project("{2150E333-8FDC-42A3-9474-1A3956D46DE8}") = "test", "test", "{D799B6FE-9D02-434D-B874-2C26797CC683}"
EndProject
Project("{FAE04EC0-301F-11D3-BF4B-00C04F79EFBC}") = "PaymentApiTest", "test\PaymentApiTest\PaymentApiTest.csproj", "{50749735-8924-417D-A263-10206A9B9F57}"
EndProject
Global
	GlobalSection(SolutionConfigurationPlatforms) = preSolution
		Debug|Any CPU = Debug|Any CPU
		Release|Any CPU = Release|Any CPU
	EndGlobalSection
	GlobalSection(SolutionProperties) = preSolution
		HideSolutionNode = FALSE
	EndGlobalSection
	GlobalSection(ProjectConfigurationPlatforms) = postSolution
		{AC2BE2DD-C042-4838-9257-F73A4D9CC023}.Debug|Any CPU.ActiveCfg = Debug|Any CPU
		{AC2BE2DD-C042-4838-9257-F73A4D9CC023}.Debug|Any CPU.Build.0 = Debug|Any CPU
		{AC2BE2DD-C042-4838-9257-F73A4D9CC023}.Release|Any CPU.ActiveCfg = Release|Any CPU
		{AC2BE2DD-C042-4838-9257-F73A4D9CC023}.Release|Any CPU.Build.0 = Release|Any CPU
		{50749735-8924-417D-A263-10206A9B9F57}.Debug|Any CPU.ActiveCfg = Debug|Any CPU
		{50749735-8924-417D-A263-10206A9B9F57}.Debug|Any CPU.Build.0 = Debug|Any CPU
		{50749735-8924-417D-A263-10206A9B9F57}.Release|Any CPU.ActiveCfg = Release|Any CPU
		{50749735-8924-417D-A263-10206A9B9F57}.Release|Any CPU.Build.0 = Release|Any CPU
	EndGlobalSection
	GlobalSection(NestedProjects) = preSolution
		{50749735-8924-417D-A263-10206A9B9F57} = {D799B6FE-9D02-434D-B874-2C26797CC683}
	EndGlobalSection
EndGlobal
